// !$*UTF8*$!
{
	archiveVersion = 1;
	classes = {
	};
	objectVersion = 46;
	objects = {

/* Begin PBXBuildFile section */
		DBC397E01ECC0CB60032BCE0 /* AppDelegate.swift in Sources */ = {isa = PBXBuildFile; fileRef = DBC397DF1ECC0CB60032BCE0 /* AppDelegate.swift */; };
		DBC397E21ECC0CB60032BCE0 /* ViewController.swift in Sources */ = {isa = PBXBuildFile; fileRef = DBC397E11ECC0CB60032BCE0 /* ViewController.swift */; };
		DBC397E51ECC0CB60032BCE0 /* Main.storyboard in Resources */ = {isa = PBXBuildFile; fileRef = DBC397E31ECC0CB60032BCE0 /* Main.storyboard */; };
		DBC397E71ECC0CB60032BCE0 /* Assets.xcassets in Resources */ = {isa = PBXBuildFile; fileRef = DBC397E61ECC0CB60032BCE0 /* Assets.xcassets */; };
		DBC397EA1ECC0CB60032BCE0 /* LaunchScreen.storyboard in Resources */ = {isa = PBXBuildFile; fileRef = DBC397E81ECC0CB60032BCE0 /* LaunchScreen.storyboard */; };
		DBC397F71ECC10220032BCE0 /* LibTableViewCell.swift in Sources */ = {isa = PBXBuildFile; fileRef = DBC397F21ECC10220032BCE0 /* LibTableViewCell.swift */; };
		DBC397F81ECC10220032BCE0 /* LibTableViewCell.xib in Resources */ = {isa = PBXBuildFile; fileRef = DBC397F31ECC10220032BCE0 /* LibTableViewCell.xib */; };
		DBC397F91ECC10220032BCE0 /* PhotoLibraryViewController.swift in Sources */ = {isa = PBXBuildFile; fileRef = DBC397F41ECC10220032BCE0 /* PhotoLibraryViewController.swift */; };
		DBC397FA1ECC10220032BCE0 /* PictureCollectionViewCell.swift in Sources */ = {isa = PBXBuildFile; fileRef = DBC397F51ECC10220032BCE0 /* PictureCollectionViewCell.swift */; };
		DBC397FB1ECC10220032BCE0 /* PictureCollectionViewCell.xib in Resources */ = {isa = PBXBuildFile; fileRef = DBC397F61ECC10220032BCE0 /* PictureCollectionViewCell.xib */; };
		DBC397FD1ECC147A0032BCE0 /* images.swift in Sources */ = {isa = PBXBuildFile; fileRef = DBC397FC1ECC147A0032BCE0 /* images.swift */; };
		DBC397FF1ECC1D0A0032BCE0 /* modelView.swift in Sources */ = {isa = PBXBuildFile; fileRef = DBC397FE1ECC1D0A0032BCE0 /* modelView.swift */; };
		DBC398011ECC1DC40032BCE0 /* parallelogramCover.swift in Sources */ = {isa = PBXBuildFile; fileRef = DBC398001ECC1DC40032BCE0 /* parallelogramCover.swift */; };
/* End PBXBuildFile section */

/* Begin PBXFileReference section */
		DBC397DC1ECC0CB60032BCE0 /* 组合图片.app */ = {isa = PBXFileReference; explicitFileType = wrapper.application; includeInIndex = 0; path = "组合图片.app"; sourceTree = BUILT_PRODUCTS_DIR; };
		DBC397DF1ECC0CB60032BCE0 /* AppDelegate.swift */ = {isa = PBXFileReference; lastKnownFileType = sourcecode.swift; path = AppDelegate.swift; sourceTree = "<group>"; };
		DBC397E11ECC0CB60032BCE0 /* ViewController.swift */ = {isa = PBXFileReference; lastKnownFileType = sourcecode.swift; path = ViewController.swift; sourceTree = "<group>"; };
		DBC397E41ECC0CB60032BCE0 /* Base */ = {isa = PBXFileReference; lastKnownFileType = file.storyboard; name = Base; path = Base.lproj/Main.storyboard; sourceTree = "<group>"; };
		DBC397E61ECC0CB60032BCE0 /* Assets.xcassets */ = {isa = PBXFileReference; lastKnownFileType = folder.assetcatalog; path = Assets.xcassets; sourceTree = "<group>"; };
		DBC397E91ECC0CB60032BCE0 /* Base */ = {isa = PBXFileReference; lastKnownFileType = file.storyboard; name = Base; path = Base.lproj/LaunchScreen.storyboard; sourceTree = "<group>"; };
		DBC397EB1ECC0CB60032BCE0 /* Info.plist */ = {isa = PBXFileReference; lastKnownFileType = text.plist.xml; path = Info.plist; sourceTree = "<group>"; };
		DBC397F21ECC10220032BCE0 /* LibTableViewCell.swift */ = {isa = PBXFileReference; fileEncoding = 4; lastKnownFileType = sourcecode.swift; path = LibTableViewCell.swift; sourceTree = "<group>"; };
		DBC397F31ECC10220032BCE0 /* LibTableViewCell.xib */ = {isa = PBXFileReference; fileEncoding = 4; lastKnownFileType = file.xib; path = LibTableViewCell.xib; sourceTree = "<group>"; };
		DBC397F41ECC10220032BCE0 /* PhotoLibraryViewController.swift */ = {isa = PBXFileReference; fileEncoding = 4; lastKnownFileType = sourcecode.swift; path = PhotoLibraryViewController.swift; sourceTree = "<group>"; };
		DBC397F51ECC10220032BCE0 /* PictureCollectionViewCell.swift */ = {isa = PBXFileReference; fileEncoding = 4; lastKnownFileType = sourcecode.swift; path = PictureCollectionViewCell.swift; sourceTree = "<group>"; };
		DBC397F61ECC10220032BCE0 /* PictureCollectionViewCell.xib */ = {isa = PBXFileReference; fileEncoding = 4; lastKnownFileType = file.xib; path = PictureCollectionViewCell.xib; sourceTree = "<group>"; };
		DBC397FC1ECC147A0032BCE0 /* images.swift */ = {isa = PBXFileReference; fileEncoding = 4; lastKnownFileType = sourcecode.swift; path = images.swift; sourceTree = "<group>"; };
		DBC397FE1ECC1D0A0032BCE0 /* modelView.swift */ = {isa = PBXFileReference; fileEncoding = 4; lastKnownFileType = sourcecode.swift; path = modelView.swift; sourceTree = "<group>"; };
		DBC398001ECC1DC40032BCE0 /* parallelogramCover.swift */ = {isa = PBXFileReference; fileEncoding = 4; lastKnownFileType = sourcecode.swift; path = parallelogramCover.swift; sourceTree = "<group>"; };
/* End PBXFileReference section */

/* Begin PBXFrameworksBuildPhase section */
		DBC397D91ECC0CB60032BCE0 /* Frameworks */ = {
			isa = PBXFrameworksBuildPhase;
			buildActionMask = 2147483647;
			files = (
			);
			runOnlyForDeploymentPostprocessing = 0;
		};
/* End PBXFrameworksBuildPhase section */

/* Begin PBXGroup section */
		DBC397D31ECC0CB60032BCE0 = {
			isa = PBXGroup;
			children = (
				DBC397DE1ECC0CB60032BCE0 /* 组合图片 */,
				DBC397DD1ECC0CB60032BCE0 /* Products */,
			);
			sourceTree = "<group>";
		};
		DBC397DD1ECC0CB60032BCE0 /* Products */ = {
			isa = PBXGroup;
			children = (
				DBC397DC1ECC0CB60032BCE0 /* 组合图片.app */,
			);
			name = Products;
			sourceTree = "<group>";
		};
		DBC397DE1ECC0CB60032BCE0 /* 组合图片 */ = {
			isa = PBXGroup;
			children = (
				DBC397DF1ECC0CB60032BCE0 /* AppDelegate.swift */,
				DBC397E11ECC0CB60032BCE0 /* ViewController.swift */,
				DBC397FE1ECC1D0A0032BCE0 /* modelView.swift */,
				DBC398001ECC1DC40032BCE0 /* parallelogramCover.swift */,
				DBC397E31ECC0CB60032BCE0 /* Main.storyboard */,
				DBC397F11ECC10220032BCE0 /* PhotoLib */,
				DBC397E61ECC0CB60032BCE0 /* Assets.xcassets */,
				DBC397E81ECC0CB60032BCE0 /* LaunchScreen.storyboard */,
				DBC397EB1ECC0CB60032BCE0 /* Info.plist */,
			);
			path = "组合图片";
			sourceTree = "<group>";
		};
		DBC397F11ECC10220032BCE0 /* PhotoLib */ = {
			isa = PBXGroup;
			children = (
				DBC397F21ECC10220032BCE0 /* LibTableViewCell.swift */,
				DBC397F31ECC10220032BCE0 /* LibTableViewCell.xib */,
				DBC397F41ECC10220032BCE0 /* PhotoLibraryViewController.swift */,
				DBC397F51ECC10220032BCE0 /* PictureCollectionViewCell.swift */,
				DBC397F61ECC10220032BCE0 /* PictureCollectionViewCell.xib */,
				DBC397FC1ECC147A0032BCE0 /* images.swift */,
			);
			path = PhotoLib;
			sourceTree = "<group>";
		};
/* End PBXGroup section */

/* Begin PBXNativeTarget section */
		DBC397DB1ECC0CB60032BCE0 /* 组合图片 */ = {
			isa = PBXNativeTarget;
			buildConfigurationList = DBC397EE1ECC0CB60032BCE0 /* Build configuration list for PBXNativeTarget "组合图片" */;
			buildPhases = (
				DBC397D81ECC0CB60032BCE0 /* Sources */,
				DBC397D91ECC0CB60032BCE0 /* Frameworks */,
				DBC397DA1ECC0CB60032BCE0 /* Resources */,
			);
			buildRules = (
			);
			dependencies = (
			);
			name = "组合图片";
			productName = "组合图片";
			productReference = DBC397DC1ECC0CB60032BCE0 /* 组合图片.app */;
			productType = "com.apple.product-type.application";
		};
/* End PBXNativeTarget section */

/* Begin PBXProject section */
		DBC397D41ECC0CB60032BCE0 /* Project object */ = {
			isa = PBXProject;
			attributes = {
				LastSwiftUpdateCheck = 0830;
				LastUpgradeCheck = 0830;
				ORGANIZATIONNAME = WuYueFeng;
				TargetAttributes = {
					DBC397DB1ECC0CB60032BCE0 = {
						CreatedOnToolsVersion = 8.3.2;
						DevelopmentTeam = JYQ5XDENPB;
						ProvisioningStyle = Automatic;
					};
				};
			};
			buildConfigurationList = DBC397D71ECC0CB60032BCE0 /* Build configuration list for PBXProject "组合图片" */;
			compatibilityVersion = "Xcode 3.2";
			developmentRegion = English;
			hasScannedForEncodings = 0;
			knownRegions = (
				en,
				Base,
			);
			mainGroup = DBC397D31ECC0CB60032BCE0;
			productRefGroup = DBC397DD1ECC0CB60032BCE0 /* Products */;
			projectDirPath = "";
			projectRoot = "";
			targets = (
				DBC397DB1ECC0CB60032BCE0 /* 组合图片 */,
			);
		};
/* End PBXProject section */

/* Begin PBXResourcesBuildPhase section */
		DBC397DA1ECC0CB60032BCE0 /* Resources */ = {
			isa = PBXResourcesBuildPhase;
			buildActionMask = 2147483647;
			files = (
				DBC397EA1ECC0CB60032BCE0 /* LaunchScreen.storyboard in Resources */,
				DBC397E71ECC0CB60032BCE0 /* Assets.xcassets in Resources */,
				DBC397E51ECC0CB60032BCE0 /* Main.storyboard in Resources */,
				DBC397FB1ECC10220032BCE0 /* PictureCollectionViewCell.xib in Resources */,
				DBC397F81ECC10220032BCE0 /* LibTableViewCell.xib in Resources */,
			);
			runOnlyForDeploymentPostprocessing = 0;
		};
/* End PBXResourcesBuildPhase section */

/* Begin PBXSourcesBuildPhase section */
		DBC397D81ECC0CB60032BCE0 /* Sources */ = {
			isa = PBXSourcesBuildPhase;
			buildActionMask = 2147483647;
			files = (
				DBC397F71ECC10220032BCE0 /* LibTableViewCell.swift in Sources */,
				DBC397E21ECC0CB60032BCE0 /* ViewController.swift in Sources */,
				DBC397FA1ECC10220032BCE0 /* PictureCollectionViewCell.swift in Sources */,
				DBC397F91ECC10220032BCE0 /* PhotoLibraryViewController.swift in Sources */,
				DBC397E01ECC0CB60032BCE0 /* AppDelegate.swift in Sources */,
				DBC398011ECC1DC40032BCE0 /* parallelogramCover.swift in Sources */,
				DBC397FD1ECC147A0032BCE0 /* images.swift in Sources */,
				DBC397FF1ECC1D0A0032BCE0 /* modelView.swift in Sources */,
			);
			runOnlyForDeploymentPostprocessing = 0;
		};
/* End PBXSourcesBuildPhase section */

/* Begin PBXVariantGroup section */
		DBC397E31ECC0CB60032BCE0 /* Main.storyboard */ = {
			isa = PBXVariantGroup;
			children = (
				DBC397E41ECC0CB60032BCE0 /* Base */,
			);
			name = Main.storyboard;
			sourceTree = "<group>";
		};
		DBC397E81ECC0CB60032BCE0 /* LaunchScreen.storyboard */ = {
			isa = PBXVariantGroup;
			children = (
				DBC397E91ECC0CB60032BCE0 /* Base */,
			);
			name = LaunchScreen.storyboard;
			sourceTree = "<group>";
		};
/* End PBXVariantGroup section */

/* Begin XCBuildConfiguration section */
		DBC397EC1ECC0CB60032BCE0 /* Debug */ = {
			isa = XCBuildConfiguration;
			buildSettings = {
				ALWAYS_SEARCH_USER_PATHS = NO;
				CLANG_ANALYZER_NONNULL = YES;
				CLANG_ANALYZER_NUMBER_OBJECT_CONVERSION = YES_AGGRESSIVE;
				CLANG_CXX_LANGUAGE_STANDARD = "gnu++0x";
				CLANG_CXX_LIBRARY = "libc++";
				CLANG_ENABLE_MODULES = YES;
				CLANG_ENABLE_OBJC_ARC = YES;
				CLANG_WARN_BOOL_CONVERSION = YES;
				CLANG_WARN_CONSTANT_CONVERSION = YES;
				CLANG_WARN_DIRECT_OBJC_ISA_USAGE = YES_ERROR;
				CLANG_WARN_DOCUMENTATION_COMMENTS = YES;
				CLANG_WARN_EMPTY_BODY = YES;
				CLANG_WARN_ENUM_CONVERSION = YES;
				CLANG_WARN_INFINITE_RECURSION = YES;
				CLANG_WARN_INT_CONVERSION = YES;
				CLANG_WARN_OBJC_ROOT_CLASS = YES_ERROR;
				CLANG_WARN_SUSPICIOUS_MOVE = YES;
				CLANG_WARN_UNREACHABLE_CODE = YES;
				CLANG_WARN__DUPLICATE_METHOD_MATCH = YES;
				"CODE_SIGN_IDENTITY[sdk=iphoneos*]" = "iPhone Developer";
				COPY_PHASE_STRIP = NO;
				DEBUG_INFORMATION_FORMAT = dwarf;
				ENABLE_STRICT_OBJC_MSGSEND = YES;
				ENABLE_TESTABILITY = YES;
				GCC_C_LANGUAGE_STANDARD = gnu99;
				GCC_DYNAMIC_NO_PIC = NO;
				GCC_NO_COMMON_BLOCKS = YES;
				GCC_OPTIMIZATION_LEVEL = 0;
				GCC_PREPROCESSOR_DEFINITIONS = (
					"DEBUG=1",
					"$(inherited)",
				);
				GCC_WARN_64_TO_32_BIT_CONVERSION = YES;
				GCC_WARN_ABOUT_RETURN_TYPE = YES_ERROR;
				GCC_WARN_UNDECLARED_SELECTOR = YES;
				GCC_WARN_UNINITIALIZED_AUTOS = YES_AGGRESSIVE;
				GCC_WARN_UNUSED_FUNCTION = YES;
				GCC_WARN_UNUSED_VARIABLE = YES;
				IPHONEOS_DEPLOYMENT_TARGET = 10.3;
				MTL_ENABLE_DEBUG_INFO = YES;
				ONLY_ACTIVE_ARCH = YES;
				SDKROOT = iphoneos;
				SWIFT_ACTIVE_COMPILATION_CONDITIONS = DEBUG;
				SWIFT_OPTIMIZATION_LEVEL = "-Onone";
				TARGETED_DEVICE_FAMILY = "1,2";
			};
			name = Debug;
		};
		DBC397ED1ECC0CB60032BCE0 /* Release */ = {
			isa = XCBuildConfiguration;
			buildSettings = {
				ALWAYS_SEARCH_USER_PATHS = NO;
				CLANG_ANALYZER_NONNULL = YES;
				CLANG_ANALYZER_NUMBER_OBJECT_CONVERSION = YES_AGGRESSIVE;
				CLANG_CXX_LANGUAGE_STANDARD = "gnu++0x";
				CLANG_CXX_LIBRARY = "libc++";
				CLANG_ENABLE_MODULES = YES;
				CLANG_ENABLE_OBJC_ARC = YES;
				CLANG_WARN_BOOL_CONVERSION = YES;
				CLANG_WARN_CONSTANT_CONVERSION = YES;
				CLANG_WARN_DIRECT_OBJC_ISA_USAGE = YES_ERROR;
				CLANG_WARN_DOCUMENTATION_COMMENTS = YES;
				CLANG_WARN_EMPTY_BODY = YES;
				CLANG_WARN_ENUM_CONVERSION = YES;
				CLANG_WARN_INFINITE_RECURSION = YES;
				CLANG_WARN_INT_CONVERSION = YES;
				CLANG_WARN_OBJC_ROOT_CLASS = YES_ERROR;
				CLANG_WARN_SUSPICIOUS_MOVE = YES;
				CLANG_WARN_UNREACHABLE_CODE = YES;
				CLANG_WARN__DUPLICATE_METHOD_MATCH = YES;
				"CODE_SIGN_IDENTITY[sdk=iphoneos*]" = "iPhone Developer";
				COPY_PHASE_STRIP = NO;
				DEBUG_INFORMATION_FORMAT = "dwarf-with-dsym";
				ENABLE_NS_ASSERTIONS = NO;
				ENABLE_STRICT_OBJC_MSGSEND = YES;
				GCC_C_LANGUAGE_STANDARD = gnu99;
				GCC_NO_COMMON_BLOCKS = YES;
				GCC_WARN_64_TO_32_BIT_CONVERSION = YES;
				GCC_WARN_ABOUT_RETURN_TYPE = YES_ERROR;
				GCC_WARN_UNDECLARED_SELECTOR = YES;
				GCC_WARN_UNINITIALIZED_AUTOS = YES_AGGRESSIVE;
				GCC_WARN_UNUSED_FUNCTION = YES;
				GCC_WARN_UNUSED_VARIABLE = YES;
				IPHONEOS_DEPLOYMENT_TARGET = 10.3;
				MTL_ENABLE_DEBUG_INFO = NO;
				SDKROOT = iphoneos;
				SWIFT_OPTIMIZATION_LEVEL = "-Owholemodule";
				TARGETED_DEVICE_FAMILY = "1,2";
				VALIDATE_PRODUCT = YES;
			};
			name = Release;
		};
		DBC397EF1ECC0CB60032BCE0 /* Debug */ = {
			isa = XCBuildConfiguration;
			buildSettings = {
				ASSETCATALOG_COMPILER_APPICON_NAME = AppIcon;
				DEVELOPMENT_TEAM = JYQ5XDENPB;
				INFOPLIST_FILE = "组合图片/Info.plist";
				LD_RUNPATH_SEARCH_PATHS = "$(inherited) @executable_path/Frameworks";
				PRODUCT_BUNDLE_IDENTIFIER = "In.----";
				PRODUCT_NAME = "$(TARGET_NAME)";
				SWIFT_VERSION = 3.0;
			};
			name = Debug;
		};
		DBC397F01ECC0CB60032BCE0 /* Release */ = {
			isa = XCBuildConfiguration;
			buildSettings = {
				ASSETCATALOG_COMPILER_APPICON_NAME = AppIcon;
				DEVELOPMENT_TEAM = JYQ5XDENPB;
				INFOPLIST_FILE = "组合图片/Info.plist";
				LD_RUNPATH_SEARCH_PATHS = "$(inherited) @executable_path/Frameworks";
				PRODUCT_BUNDLE_IDENTIFIER = "In.----";
				PRODUCT_NAME = "$(TARGET_NAME)";
				SWIFT_VERSION = 3.0;
			};
			name = Release;
		};
/* End XCBuildConfiguration section */

/* Begin XCConfigurationList section */
		DBC397D71ECC0CB60032BCE0 /* Build configuration list for PBXProject "组合图片" */ = {
			isa = XCConfigurationList;
			buildConfigurations = (
				DBC397EC1ECC0CB60032BCE0 /* Debug */,
				DBC397ED1ECC0CB60032BCE0 /* Release */,
			);
			defaultConfigurationIsVisible = 0;
			defaultConfigurationName = Release;
		};
		DBC397EE1ECC0CB60032BCE0 /* Build configuration list for PBXNativeTarget "组合图片" */ = {
			isa = XCConfigurationList;
			buildConfigurations = (
				DBC397EF1ECC0CB60032BCE0 /* Debug */,
				DBC397F01ECC0CB60032BCE0 /* Release */,
			);
			defaultConfigurationIsVisible = 0;
		};
/* End XCConfigurationList section */
	};
	rootObject = DBC397D41ECC0CB60032BCE0 /* Project object */;
}
